
Microsoft Visual Studio Solution File, Format Version 12.00
# Visual Studio Version 17
VisualStudioVersion = 17.7.34024.191
MinimumVisualStudioVersion = 10.0.40219.1
Project("{2150E333-8FDC-42A3-9474-1A3956D46DE8}") = "src", "src", "{AFBC267D-99AD-4ED2-87CD-CDCFBC4ADF3B}"
EndProject
Project("{2150E333-8FDC-42A3-9474-1A3956D46DE8}") = "test", "test", "{4F55213E-3A4F-4999-9DF8-51B554D4DF8F}"
EndProject
Project("{2150E333-8FDC-42A3-9474-1A3956D46DE8}") = "UI", "UI", "{82F9D51C-0B25-443E-9673-A5FC2E5C0F67}"
EndProject
Project("{2150E333-8FDC-42A3-9474-1A3956D46DE8}") = "Core", "Core", "{267C744E-7F8D-4B14-8BFD-C2AD63B75942}"
EndProject
Project("{2150E333-8FDC-42A3-9474-1A3956D46DE8}") = "Infrastructure", "Infrastructure", "{3D4C57E6-4F6F-45FE-A146-4FC5BA8D26FF}"
EndProject
Project("{9A19103F-16F7-4668-BE54-9A1E7A4F7556}") = "HR.LeaveManagement.Domain", "HR.LeaveManagement.Domain\HR.LeaveManagement.Domain.csproj", "{8759A7DC-0DEB-4023-9D8E-AB79067A1B23}"
EndProject
Project("{9A19103F-16F7-4668-BE54-9A1E7A4F7556}") = "HR.LeaveManagement.Application", "HR.LeaveManagement.Application\HR.LeaveManagement.Application.csproj", "{6862D2AD-0520-449F-B026-6DA946F3ECC3}"
EndProject
Project("{9A19103F-16F7-4668-BE54-9A1E7A4F7556}") = "HR.LeaveManagement.Persistence", "HR.LeaveManagement.Persistence\HR.LeaveManagement.Persistence.csproj", "{FFFB5D23-09DF-47D8-BCBF-39BC4AF3811E}"
EndProject
Project("{9A19103F-16F7-4668-BE54-9A1E7A4F7556}") = "HR.LeaveManagement.Infrastructure", "HR.LeaveManagement.Infrastructure\HR.LeaveManagement.Infrastructure.csproj", "{DDF6F2AC-5A47-464F-9BA0-0782B16FB252}"
EndProject
Project("{2150E333-8FDC-42A3-9474-1A3956D46DE8}") = "API", "API", "{C862586B-AC0D-4ADF-8E99-3330457F211A}"
EndProject
Project("{9A19103F-16F7-4668-BE54-9A1E7A4F7556}") = "HR.LeaveManagement.Api", "HR.LeaveManagement.Api\HR.LeaveManagement.Api.csproj", "{EF2C629B-413B-4920-9FB3-CE18078C6D96}"
	ProjectSection(ProjectDependencies) = postProject
		{6862D2AD-0520-449F-B026-6DA946F3ECC3} = {6862D2AD-0520-449F-B026-6DA946F3ECC3}
	EndProjectSection
EndProject
Project("{9A19103F-16F7-4668-BE54-9A1E7A4F7556}") = "HR.LeaveManagement.Application.UnitTests", "HR.LeaveManagement.Application.UnitTests\HR.LeaveManagement.Application.UnitTests.csproj", "{65B6ABFE-80AC-478D-B7A9-939FE343AB4E}"
EndProject
Project("{9A19103F-16F7-4668-BE54-9A1E7A4F7556}") = "HR.LeaveManagement.Persistence.IntegrationTests", "HR.LeaveManagement.Persistence.IntegrationTests\HR.LeaveManagement.Persistence.IntegrationTests.csproj", "{7D90D584-B809-4142-8FCD-2EC9068F91C7}"
EndProject
Project("{9A19103F-16F7-4668-BE54-9A1E7A4F7556}") = "HR.LeaveManagement.BlazorUI", "HR.LeaveManagement.BlazorUI\HR.LeaveManagement.BlazorUI.csproj", "{961468E3-975B-46BB-B221-CE2348DED0FE}"
EndProject
Project("{FAE04EC0-301F-11D3-BF4B-00C04F79EFBC}") = "HR.LeaveManagement.Identity", "HR.LeaveManagement.Identity\HR.LeaveManagement.Identity.csproj", "{EFD2BA23-D535-4DD9-866E-BF8F6B50D8AB}"
EndProject
Global
	GlobalSection(SolutionConfigurationPlatforms) = preSolution
		Debug|Any CPU = Debug|Any CPU
		Release|Any CPU = Release|Any CPU
	EndGlobalSection
	GlobalSection(ProjectConfigurationPlatforms) = postSolution
		{8759A7DC-0DEB-4023-9D8E-AB79067A1B23}.Debug|Any CPU.ActiveCfg = Debug|Any CPU
		{8759A7DC-0DEB-4023-9D8E-AB79067A1B23}.Debug|Any CPU.Build.0 = Debug|Any CPU
		{8759A7DC-0DEB-4023-9D8E-AB79067A1B23}.Release|Any CPU.ActiveCfg = Release|Any CPU
		{8759A7DC-0DEB-4023-9D8E-AB79067A1B23}.Release|Any CPU.Build.0 = Release|Any CPU
		{6862D2AD-0520-449F-B026-6DA946F3ECC3}.Debug|Any CPU.ActiveCfg = Debug|Any CPU
		{6862D2AD-0520-449F-B026-6DA946F3ECC3}.Debug|Any CPU.Build.0 = Debug|Any CPU
		{6862D2AD-0520-449F-B026-6DA946F3ECC3}.Release|Any CPU.ActiveCfg = Release|Any CPU
		{6862D2AD-0520-449F-B026-6DA946F3ECC3}.Release|Any CPU.Build.0 = Release|Any CPU
		{FFFB5D23-09DF-47D8-BCBF-39BC4AF3811E}.Debug|Any CPU.ActiveCfg = Debug|Any CPU
		{FFFB5D23-09DF-47D8-BCBF-39BC4AF3811E}.Debug|Any CPU.Build.0 = Debug|Any CPU
		{FFFB5D23-09DF-47D8-BCBF-39BC4AF3811E}.Release|Any CPU.ActiveCfg = Release|Any CPU
		{FFFB5D23-09DF-47D8-BCBF-39BC4AF3811E}.Release|Any CPU.Build.0 = Release|Any CPU
		{DDF6F2AC-5A47-464F-9BA0-0782B16FB252}.Debug|Any CPU.ActiveCfg = Debug|Any CPU
		{DDF6F2AC-5A47-464F-9BA0-0782B16FB252}.Debug|Any CPU.Build.0 = Debug|Any CPU
		{DDF6F2AC-5A47-464F-9BA0-0782B16FB252}.Release|Any CPU.ActiveCfg = Release|Any CPU
		{DDF6F2AC-5A47-464F-9BA0-0782B16FB252}.Release|Any CPU.Build.0 = Release|Any CPU
		{EF2C629B-413B-4920-9FB3-CE18078C6D96}.Debug|Any CPU.ActiveCfg = Debug|Any CPU
		{EF2C629B-413B-4920-9FB3-CE18078C6D96}.Debug|Any CPU.Build.0 = Debug|Any CPU
		{EF2C629B-413B-4920-9FB3-CE18078C6D96}.Release|Any CPU.ActiveCfg = Release|Any CPU
		{EF2C629B-413B-4920-9FB3-CE18078C6D96}.Release|Any CPU.Build.0 = Release|Any CPU
		{65B6ABFE-80AC-478D-B7A9-939FE343AB4E}.Debug|Any CPU.ActiveCfg = Debug|Any CPU
		{65B6ABFE-80AC-478D-B7A9-939FE343AB4E}.Debug|Any CPU.Build.0 = Debug|Any CPU
		{65B6ABFE-80AC-478D-B7A9-939FE343AB4E}.Release|Any CPU.ActiveCfg = Release|Any CPU
		{65B6ABFE-80AC-478D-B7A9-939FE343AB4E}.Release|Any CPU.Build.0 = Release|Any CPU
		{7D90D584-B809-4142-8FCD-2EC9068F91C7}.Debug|Any CPU.ActiveCfg = Debug|Any CPU
		{7D90D584-B809-4142-8FCD-2EC9068F91C7}.Debug|Any CPU.Build.0 = Debug|Any CPU
		{7D90D584-B809-4142-8FCD-2EC9068F91C7}.Release|Any CPU.ActiveCfg = Release|Any CPU
		{7D90D584-B809-4142-8FCD-2EC9068F91C7}.Release|Any CPU.Build.0 = Release|Any CPU
		{961468E3-975B-46BB-B221-CE2348DED0FE}.Debug|Any CPU.ActiveCfg = Debug|Any CPU
		{961468E3-975B-46BB-B221-CE2348DED0FE}.Debug|Any CPU.Build.0 = Debug|Any CPU
		{961468E3-975B-46BB-B221-CE2348DED0FE}.Release|Any CPU.ActiveCfg = Release|Any CPU
		{961468E3-975B-46BB-B221-CE2348DED0FE}.Release|Any CPU.Build.0 = Release|Any CPU
		{EFD2BA23-D535-4DD9-866E-BF8F6B50D8AB}.Debug|Any CPU.ActiveCfg = Debug|Any CPU
		{EFD2BA23-D535-4DD9-866E-BF8F6B50D8AB}.Debug|Any CPU.Build.0 = Debug|Any CPU
		{EFD2BA23-D535-4DD9-866E-BF8F6B50D8AB}.Release|Any CPU.ActiveCfg = Release|Any CPU
		{EFD2BA23-D535-4DD9-866E-BF8F6B50D8AB}.Release|Any CPU.Build.0 = Release|Any CPU
	EndGlobalSection
	GlobalSection(SolutionProperties) = preSolution
		HideSolutionNode = FALSE
	EndGlobalSection
	GlobalSection(NestedProjects) = preSolution
		{82F9D51C-0B25-443E-9673-A5FC2E5C0F67} = {AFBC267D-99AD-4ED2-87CD-CDCFBC4ADF3B}
		{267C744E-7F8D-4B14-8BFD-C2AD63B75942} = {AFBC267D-99AD-4ED2-87CD-CDCFBC4ADF3B}
		{3D4C57E6-4F6F-45FE-A146-4FC5BA8D26FF} = {AFBC267D-99AD-4ED2-87CD-CDCFBC4ADF3B}
		{8759A7DC-0DEB-4023-9D8E-AB79067A1B23} = {267C744E-7F8D-4B14-8BFD-C2AD63B75942}
		{6862D2AD-0520-449F-B026-6DA946F3ECC3} = {267C744E-7F8D-4B14-8BFD-C2AD63B75942}
		{FFFB5D23-09DF-47D8-BCBF-39BC4AF3811E} = {3D4C57E6-4F6F-45FE-A146-4FC5BA8D26FF}
		{DDF6F2AC-5A47-464F-9BA0-0782B16FB252} = {3D4C57E6-4F6F-45FE-A146-4FC5BA8D26FF}
		{C862586B-AC0D-4ADF-8E99-3330457F211A} = {AFBC267D-99AD-4ED2-87CD-CDCFBC4ADF3B}
		{EF2C629B-413B-4920-9FB3-CE18078C6D96} = {C862586B-AC0D-4ADF-8E99-3330457F211A}
		{65B6ABFE-80AC-478D-B7A9-939FE343AB4E} = {4F55213E-3A4F-4999-9DF8-51B554D4DF8F}
		{7D90D584-B809-4142-8FCD-2EC9068F91C7} = {4F55213E-3A4F-4999-9DF8-51B554D4DF8F}
		{961468E3-975B-46BB-B221-CE2348DED0FE} = {82F9D51C-0B25-443E-9673-A5FC2E5C0F67}
		{EFD2BA23-D535-4DD9-866E-BF8F6B50D8AB} = {3D4C57E6-4F6F-45FE-A146-4FC5BA8D26FF}
	EndGlobalSection
	GlobalSection(ExtensibilityGlobals) = postSolution
		SolutionGuid = {ADA48C7B-2C94-44D4-B0CB-96C425B5C32F}
	EndGlobalSection
EndGlobal
